
Microsoft Visual Studio Solution File, Format Version 12.00
# Visual Studio Version 17
VisualStudioVersion = 17.7.34202.233
MinimumVisualStudioVersion = 10.0.40219.1
Project("{FAE04EC0-301F-11D3-BF4B-00C04F79EFBC}") = "ExpensesApp", "ExpensesApp\ExpensesApp.csproj", "{33D5F02D-98B4-4314-8602-11219FEEDDE0}"
EndProject
Global
	GlobalSection(SolutionConfigurationPlatforms) = preSolution
		Debug|Any CPU = Debug|Any CPU
		Release|Any CPU = Release|Any CPU
	EndGlobalSection
	GlobalSection(ProjectConfigurationPlatforms) = postSolution
		{33D5F02D-98B4-4314-8602-11219FEEDDE0}.Debug|Any CPU.ActiveCfg = Debug|Any CPU
		{33D5F02D-98B4-4314-8602-11219FEEDDE0}.Debug|Any CPU.Build.0 = Debug|Any CPU
		{33D5F02D-98B4-4314-8602-11219FEEDDE0}.Release|Any CPU.ActiveCfg = Release|Any CPU
		{33D5F02D-98B4-4314-8602-11219FEEDDE0}.Release|Any CPU.Build.0 = Release|Any CPU
	EndGlobalSection
	GlobalSection(SolutionProperties) = preSolution
		HideSolutionNode = FALSE
	EndGlobalSection
	GlobalSection(ExtensibilityGlobals) = postSolution
		SolutionGuid = {9834C1D7-CF55-4FB9-AF95-D41525CA0CA2}
	EndGlobalSection
EndGlobal
